<?xml version="1.0" encoding="utf-8"?>
<Project ToolsVersion="4.0" xmlns="http://schemas.microsoft.com/developer/msbuild/2003">
  <ItemGroup>
    <Filter Include="Source Files">
      <UniqueIdentifier>{ec726ae2-517a-4b21-bffd-46c11a0a3059}</UniqueIdentifier>
      <Extensions>cpp;c;cxx;rc;def;r;odl;idl;hpj;bat</Extensions>
    </Filter>
    <Filter Include="Header Files">
      <UniqueIdentifier>{e2e020bc-4f2c-4199-9b39-89c59bb1d5fe}</UniqueIdentifier>
      <Extensions>h;hpp;hxx;hm;inl</Extensions>
    </Filter>
    <Filter Include="Resource Files">
      <UniqueIdentifier>{6f7a9349-c211-48bb-8fd1-edc16092e814}</UniqueIdentifier>
      <Extensions>ico;cur;bmp;dlg;rc2;rct;bin;cnt;rtf;gif;jpg;jpeg;jpe</Extensions>
    </Filter>
  </ItemGroup>
  <ItemGroup>
    <ClCompile Include="ChildFrm.cpp">
      <Filter>Source Files</Filter>
    </ClCompile>
    <ClCompile Include="CyclesChildFrm.cpp">
      <Filter>Source Files</Filter>
    </ClCompile>
    <ClCompile Include="CyclesView.cpp">
      <Filter>Source Files</Filter>
    </ClCompile>
    <ClCompile Include="DataChildFrm.cpp">
      <Filter>Source Files</Filter>
    </ClCompile>
    <ClCompile Include="DataDialog.cpp">
      <Filter>Source Files</Filter>
    </ClCompile>
    <ClCompile Include="DataView.cpp">
      <Filter>Source Files</Filter>
    </ClCompile>
    <ClCompile Include="FPDialog.cpp">
      <Filter>Source Files</Filter>
    </ClCompile>
    <ClCompile Include="FRegDialog.cpp">
      <Filter>Source Files</Filter>
    </ClCompile>
    <ClCompile Include="InstructView.cpp">
      <Filter>Source Files</Filter>
    </ClCompile>
    <ClCompile Include="IOChildFrm.cpp">
      <Filter>Source Files</Filter>
    </ClCompile>
    <ClCompile Include="IOView.cpp">
      <Filter>Source Files</Filter>
    </ClCompile>
    <ClCompile Include="MainFrm.cpp">
      <Filter>Source Files</Filter>
    </ClCompile>
    <ClCompile Include="MemDialog.cpp">
      <Filter>Source Files</Filter>
    </ClCompile>
    <ClCompile Include="MultiDialog.cpp">
      <Filter>Source Files</Filter>
    </ClCompile>
    <ClCompile Include="PipeChildFrm.cpp">
      <Filter>Source Files</Filter>
    </ClCompile>
    <ClCompile Include="pipeline.cpp">
      <Filter>Source Files</Filter>
    </ClCompile>
    <ClCompile Include="PipeView.cpp">
      <Filter>Source Files</Filter>
    </ClCompile>
    <ClCompile Include="RegChildFrm.cpp">
      <Filter>Source Files</Filter>
    </ClCompile>
    <ClCompile Include="RegDialog.cpp">
      <Filter>Source Files</Filter>
    </ClCompile>
    <ClCompile Include="RegView.cpp">
      <Filter>Source Files</Filter>
    </ClCompile>
    <ClCompile Include="StatChildFrm.cpp">
      <Filter>Source Files</Filter>
    </ClCompile>
    <ClCompile Include="StatView.cpp">
      <Filter>Source Files</Filter>
    </ClCompile>
    <ClCompile Include="StdAfx.cpp">
      <Filter>Source Files</Filter>
    </ClCompile>
    <ClCompile Include="utils.cpp">
      <Filter>Source Files</Filter>
    </ClCompile>
    <ClCompile Include="WinEVE.cpp">
      <Filter>Source Files</Filter>
    </ClCompile>
    <ClCompile Include="WinEVEDoc.cpp">
      <Filter>Source Files</Filter>
    </ClCompile>
    <ClCompile Include="WinEVEView.cpp">
      <Filter>Source Files</Filter>
    </ClCompile>
  </ItemGroup>
  <ItemGroup>
    <ResourceCompile Include="WinEVE.rc">
      <Filter>Source Files</Filter>
    </ResourceCompile>
  </ItemGroup>
  <ItemGroup>
    <ClInclude Include="ChildFrm.h">
      <Filter>Header Files</Filter>
    </ClInclude>
    <ClInclude Include="CodeView.h">
      <Filter>Header Files</Filter>
    </ClInclude>
    <ClInclude Include="CyclesChildFrm.h">
      <Filter>Header Files</Filter>
    </ClInclude>
    <ClInclude Include="CyclesView.h">
      <Filter>Header Files</Filter>
    </ClInclude>
    <ClInclude Include="DataChildFrm.h">
      <Filter>Header Files</Filter>
    </ClInclude>
    <ClInclude Include="DataDialog.h">
      <Filter>Header Files</Filter>
    </ClInclude>
    <ClInclude Include="DataView.h">
      <Filter>Header Files</Filter>
    </ClInclude>
    <ClInclude Include="FontCtrl.h">
      <Filter>Header Files</Filter>
    </ClInclude>
    <ClInclude Include="FPDialog.h">
      <Filter>Header Files</Filter>
    </ClInclude>
    <ClInclude Include="FRegDialog.h">
      <Filter>Header Files</Filter>
    </ClInclude>
    <ClInclude Include="InstructView.h">
      <Filter>Header Files</Filter>
    </ClInclude>
    <ClInclude Include="IOChildFrm.h">
      <Filter>Header Files</Filter>
    </ClInclude>
    <ClInclude Include="IOView.h">
      <Filter>Header Files</Filter>
    </ClInclude>
    <ClInclude Include="MainFrm.h">
      <Filter>Header Files</Filter>
    </ClInclude>
    <ClInclude Include="MemDialog.h">
      <Filter>Header Files</Filter>
    </ClInclude>
    <ClInclude Include="MultiDialog.h">
      <Filter>Header Files</Filter>
    </ClInclude>
    <ClInclude Include="MyChildWnd.h">
      <Filter>Header Files</Filter>
    </ClInclude>
    <ClInclude Include="mytypes.h">
      <Filter>Header Files</Filter>
    </ClInclude>
    <ClInclude Include="PipeChildFrm.h">
      <Filter>Header Files</Filter>
    </ClInclude>
    <ClInclude Include="PipeView.h">
      <Filter>Header Files</Filter>
    </ClInclude>
    <ClInclude Include="RegChildFrm.h">
      <Filter>Header Files</Filter>
    </ClInclude>
    <ClInclude Include="RegDialog.h">
      <Filter>Header Files</Filter>
    </ClInclude>
    <ClInclude Include="RegView.h">
      <Filter>Header Files</Filter>
    </ClInclude>
    <ClInclude Include="Resource.h">
      <Filter>Header Files</Filter>
    </ClInclude>
    <ClInclude Include="StatChildFrm.h">
      <Filter>Header Files</Filter>
    </ClInclude>
    <ClInclude Include="StatView.h">
      <Filter>Header Files</Filter>
    </ClInclude>
    <ClInclude Include="StdAfx.h">
      <Filter>Header Files</Filter>
    </ClInclude>
    <ClInclude Include="utils.h">
      <Filter>Header Files</Filter>
    </ClInclude>
    <ClInclude Include="WinEVE.h">
      <Filter>Header Files</Filter>
    </ClInclude>
    <ClInclude Include="WinEVEDoc.h">
      <Filter>Header Files</Filter>
    </ClInclude>
    <ClInclude Include="WinEVEView.h">
      <Filter>Header Files</Filter>
    </ClInclude>
  </ItemGroup>
  <ItemGroup>
    <Image Include="res\Eve sim.ico">
      <Filter>Resource Files</Filter>
    </Image>
    <Image Include="res\icon1.ico">
      <Filter>Resource Files</Filter>
    </Image>
    <Image Include="res\icon2.ico">
      <Filter>Resource Files</Filter>
    </Image>
    <Image Include="res\icon3.ico">
      <Filter>Resource Files</Filter>
    </Image>
    <Image Include="res\icon4.ico">
      <Filter>Resource Files</Filter>
    </Image>
    <Image Include="res\icon5.ico">
      <Filter>Resource Files</Filter>
    </Image>
    <Image Include="res\icon6.ico">
      <Filter>Resource Files</Filter>
    </Image>
    <Image Include="res\icon7.ico">
      <Filter>Resource Files</Filter>
    </Image>
    <Image Include="res\Toolbar.bmp">
      <Filter>Resource Files</Filter>
    </Image>
    <Image Include="res\WinEVE.ico">
      <Filter>Resource Files</Filter>
    </Image>
    <Image Include="res\WinEVEDoc.ico">
      <Filter>Resource Files</Filter>
    </Image>
  </ItemGroup>
  <ItemGroup>
    <Text Include="ReadMe.txt" />
  </ItemGroup>
  <ItemGroup>
    <CustomBuild Include="res\WinEVE.rc2">
      <Filter>Resource Files</Filter>
    </CustomBuild>
  </ItemGroup>
</Project>